# This file is automatically @generated by Cargo.
# It is not intended for manual editing.
version = 3

[[package]]
name = "ahash"
version = "0.8.11"
source = "registry+https://github.com/rust-lang/crates.io-index"
checksum = "e89da841a80418a9b391ebaea17f5c112ffaaa96f621d2c285b5174da76b9011"
dependencies = [
 "cfg-if",
 "const-random",
 "getrandom",
 "once_cell",
 "version_check",
 "zerocopy",
]

[[package]]
name = "android-tzdata"
version = "0.1.1"
source = "registry+https://github.com/rust-lang/crates.io-index"
checksum = "e999941b234f3131b00bc13c22d06e8c5ff726d1b6318ac7eb276997bbb4fef0"

[[package]]
name = "android_system_properties"
version = "0.1.5"
source = "registry+https://github.com/rust-lang/crates.io-index"
checksum = "819e7219dbd41043ac279b19830f2efc897156490d7fd6ea916720117ee66311"
dependencies = [
 "libc",
]

[[package]]
name = "arrow-array"
version = "37.0.0"
source = "registry+https://github.com/rust-lang/crates.io-index"
checksum = "3190f208ee7aa0f3596fa0098d42911dec5e123ca88c002a08b24877ad14c71e"
dependencies = [
 "ahash",
 "arrow-buffer 37.0.0",
 "arrow-data 37.0.0",
 "arrow-schema 37.0.0",
 "chrono",
 "half",
 "hashbrown 0.13.2",
 "num",
]

[[package]]
name = "arrow-array"
version = "38.0.0"
source = "registry+https://github.com/rust-lang/crates.io-index"
checksum = "104a04520692cc674e6afd7682f213ca41f9b13ff1873f63a5a2857a590b87b3"
dependencies = [
 "ahash",
 "arrow-buffer 38.0.0",
 "arrow-data 38.0.0",
 "arrow-schema 38.0.0",
 "chrono",
 "half",
 "hashbrown 0.13.2",
 "num",
]

[[package]]
name = "arrow-array"
version = "39.0.0"
source = "registry+https://github.com/rust-lang/crates.io-index"
checksum = "e7a27466d897d99654357a6d95dc0a26931d9e4306e60c14fc31a894edb86579"
dependencies = [
 "ahash",
 "arrow-buffer 39.0.0",
 "arrow-data 39.0.0",
 "arrow-schema 39.0.0",
 "chrono",
 "half",
 "hashbrown 0.13.2",
 "num",
]

[[package]]
name = "arrow-array"
version = "40.0.0"
source = "registry+https://github.com/rust-lang/crates.io-index"
checksum = "3267847f53d3042473cfd2c769afd8d74a6d7d201fc3a34f5cb84c0282ef47a7"
dependencies = [
 "ahash",
 "arrow-buffer 40.0.0",
 "arrow-data 40.0.0",
 "arrow-schema 40.0.0",
 "chrono",
 "half",
 "hashbrown 0.13.2",
 "num",
]

[[package]]
name = "arrow-array"
version = "41.0.0"
source = "registry+https://github.com/rust-lang/crates.io-index"
checksum = "6049e031521c4e7789b7530ea5991112c0a375430094191f3b74bdf37517c9a9"
dependencies = [
 "ahash",
 "arrow-buffer 41.0.0",
 "arrow-data 41.0.0",
 "arrow-schema 41.0.0",
 "chrono",
 "half",
 "hashbrown 0.13.2",
 "num",
]

[[package]]
name = "arrow-array"
version = "42.0.0"
source = "registry+https://github.com/rust-lang/crates.io-index"
checksum = "ea9a0fd21121304cad96f307c938d861cb1e7f0c151b93047462cd9817d760fb"
dependencies = [
 "ahash",
 "arrow-buffer 42.0.0",
 "arrow-data 42.0.0",
 "arrow-schema 42.0.0",
 "chrono",
 "half",
 "hashbrown 0.14.5",
 "num",
]

[[package]]
name = "arrow-array"
version = "43.0.0"
source = "registry+https://github.com/rust-lang/crates.io-index"
checksum = "63d7ea725f7d1f8bb2cffc53ef538557e95fc802e217d5be25122d402e22f3d0"
dependencies = [
 "ahash",
 "arrow-buffer 43.0.0",
 "arrow-data 43.0.0",
 "arrow-schema 43.0.0",
 "chrono",
 "half",
 "hashbrown 0.14.5",
 "num",
]

[[package]]
name = "arrow-array"
version = "44.0.0"
source = "registry+https://github.com/rust-lang/crates.io-index"
checksum = "e09d42ecd482a864445ed95bf78fb159e37b4d879ca08405b247170fb331daf5"
dependencies = [
 "ahash",
 "arrow-buffer 44.0.0",
 "arrow-data 44.0.0",
 "arrow-schema 44.0.0",
 "chrono",
 "half",
 "hashbrown 0.14.5",
 "num",
 "num-complex",
]

[[package]]
name = "arrow-array"
version = "45.0.0"
source = "registry+https://github.com/rust-lang/crates.io-index"
checksum = "2a86d9c1473db72896bd2345ebb6b8ad75b8553ba390875c76708e8dc5c5492d"
dependencies = [
 "ahash",
 "arrow-buffer 45.0.0",
 "arrow-data 45.0.0",
 "arrow-schema 45.0.0",
 "chrono",
 "half",
 "hashbrown 0.14.5",
 "num",
]

[[package]]
name = "arrow-array"
version = "46.0.0"
source = "registry+https://github.com/rust-lang/crates.io-index"
checksum = "226fdc6c3a4ae154a74c24091d36a90b514f0ed7112f5b8322c1d8f354d8e20d"
dependencies = [
 "ahash",
 "arrow-buffer 46.0.0",
 "arrow-data 46.0.0",
 "arrow-schema 46.0.0",
 "chrono",
 "half",
 "hashbrown 0.14.5",
 "num",
]

[[package]]
name = "arrow-array"
version = "47.0.0"
source = "registry+https://github.com/rust-lang/crates.io-index"
checksum = "d02efa7253ede102d45a4e802a129e83bcc3f49884cab795b1ac223918e4318d"
dependencies = [
 "ahash",
 "arrow-buffer 47.0.0",
 "arrow-data 47.0.0",
 "arrow-schema 47.0.0",
 "chrono",
 "half",
 "hashbrown 0.14.5",
 "num",
]

[[package]]
name = "arrow-array"
version = "48.0.1"
source = "registry+https://github.com/rust-lang/crates.io-index"
checksum = "d6eaf89041fa5937940ae390294ece29e1db584f46d995608d6e5fe65a2e0e9b"
dependencies = [
 "ahash",
 "arrow-buffer 48.0.1",
 "arrow-data 48.0.1",
 "arrow-schema 48.0.1",
 "chrono",
 "half",
 "hashbrown 0.14.5",
 "num",
]

[[package]]
name = "arrow-array"
version = "49.0.0"
source = "registry+https://github.com/rust-lang/crates.io-index"
checksum = "6bda9acea48b25123c08340f3a8ac361aa0f74469bb36f5ee9acf923fce23e9d"
dependencies = [
 "ahash",
 "arrow-buffer 49.0.0",
 "arrow-data 49.0.0",
 "arrow-schema 49.0.0",
 "chrono",
 "half",
 "hashbrown 0.14.5",
 "num",
]

[[package]]
name = "arrow-array"
version = "50.0.0"
source = "registry+https://github.com/rust-lang/crates.io-index"
checksum = "d390feeb7f21b78ec997a4081a025baef1e2e0d6069e181939b61864c9779609"
dependencies = [
 "ahash",
 "arrow-buffer 50.0.0",
 "arrow-data 50.0.0",
 "arrow-schema 50.0.0",
 "chrono",
 "half",
 "hashbrown 0.14.5",
 "num",
]

[[package]]
name = "arrow-array"
version = "51.0.0"
source = "registry+https://github.com/rust-lang/crates.io-index"
checksum = "8010572cf8c745e242d1b632bd97bd6d4f40fefed5ed1290a8f433abaa686fea"
dependencies = [
 "ahash",
 "arrow-buffer 51.0.0",
 "arrow-data 51.0.0",
 "arrow-schema 51.0.0",
 "chrono",
 "half",
 "hashbrown 0.14.5",
 "num",
]

[[package]]
name = "arrow-array"
version = "52.2.0"
source = "registry+https://github.com/rust-lang/crates.io-index"
checksum = "16f4a9468c882dc66862cef4e1fd8423d47e67972377d85d80e022786427768c"
dependencies = [
 "ahash",
 "arrow-buffer 52.2.0",
 "arrow-data 52.2.0",
 "arrow-schema 52.2.0",
 "chrono",
 "half",
 "hashbrown 0.14.5",
 "num",
]

[[package]]
name = "arrow-array"
version = "53.3.0"
source = "registry+https://github.com/rust-lang/crates.io-index"
checksum = "bd03279cea46569acf9295f6224fbc370c5df184b4d2ecfe97ccb131d5615a7f"
dependencies = [
 "ahash",
 "arrow-buffer 53.3.0",
 "arrow-data 53.3.0",
 "arrow-schema 53.3.0",
 "chrono",
 "half",
 "hashbrown 0.15.2",
 "num",
]

[[package]]
name = "arrow-array"
version = "54.0.0"
source = "registry+https://github.com/rust-lang/crates.io-index"
checksum = "bd6ed90c28c6f73a706c55799b8cc3a094e89257238e5b1d65ca7c70bd3ae23f"
dependencies = [
 "ahash",
 "arrow-buffer 54.0.0",
 "arrow-data 54.0.0",
 "arrow-schema 54.0.0",
 "chrono",
 "half",
 "hashbrown 0.15.2",
 "num",
]

[[package]]
name = "arrow-array"
version = "55.0.0"
source = "registry+https://github.com/rust-lang/crates.io-index"
checksum = "cebfe926794fbc1f49ddd0cdaf898956ca9f6e79541efce62dabccfd81380472"
dependencies = [
 "ahash",
 "arrow-buffer 55.0.0",
 "arrow-data 55.0.0",
 "arrow-schema 55.0.0",
 "chrono",
 "half",
 "hashbrown 0.15.2",
 "num",
]

[[package]]
name = "arrow-buffer"
version = "37.0.0"
source = "registry+https://github.com/rust-lang/crates.io-index"
checksum = "5d33c733c5b6c44a0fc526f29c09546e04eb56772a7a21e48e602f368be381f6"
dependencies = [
 "half",
 "num",
]

[[package]]
name = "arrow-buffer"
version = "38.0.0"
source = "registry+https://github.com/rust-lang/crates.io-index"
checksum = "72c875bcb9530ec403998fb0b2dc6d180a7c64563ca4bc22b90eafb84b113143"
dependencies = [
 "half",
 "num",
]

[[package]]
name = "arrow-buffer"
version = "39.0.0"
source = "registry+https://github.com/rust-lang/crates.io-index"
checksum = "9405b78106a9d767c7b97c78a70ee1b23ee51a74f5188a821a716d9a85d1af2b"
dependencies = [
 "half",
 "num",
]

[[package]]
name = "arrow-buffer"
version = "40.0.0"
source = "registry+https://github.com/rust-lang/crates.io-index"
checksum = "c5f66553e66e120ac4b21570368ee9ebf35ff3f5399f872b0667699e145678f5"
dependencies = [
 "half",
 "num",
]

[[package]]
name = "arrow-buffer"
version = "41.0.0"
source = "registry+https://github.com/rust-lang/crates.io-index"
checksum = "a83450b94b9fe018b65ba268415aaab78757636f68b7f37b6bc1f2a3888af0a0"
dependencies = [
 "half",
 "num",
]

[[package]]
name = "arrow-buffer"
version = "42.0.0"
source = "registry+https://github.com/rust-lang/crates.io-index"
checksum = "30ce342ecf5971004e23cef8b5fb3bacd2bbc48a381464144925074e1472e9eb"
dependencies = [
 "half",
 "num",
]

[[package]]
name = "arrow-buffer"
version = "43.0.0"
source = "registry+https://github.com/rust-lang/crates.io-index"
checksum = "bdbe439e077f484e5000b9e1d47b5e4c0d15f2b311a8f5bcc682553d5d67a722"
dependencies = [
 "half",
 "num",
]

[[package]]
name = "arrow-buffer"
version = "44.0.0"
source = "registry+https://github.com/rust-lang/crates.io-index"
checksum = "fe5044e672568feeb9e134a96781c8fdee3bce58df889f463517880d4992f751"
dependencies = [
 "half",
 "num",
]

[[package]]
name = "arrow-buffer"
version = "45.0.0"
source = "registry+https://github.com/rust-lang/crates.io-index"
checksum = "234b3b1c8ed00c874bf95972030ac4def6f58e02ea5a7884314388307fb3669b"
dependencies = [
 "half",
 "num",
]

[[package]]
name = "arrow-buffer"
version = "46.0.0"
source = "registry+https://github.com/rust-lang/crates.io-index"
checksum = "fc4843af4dd679c2f35b69c572874da8fde33be53eb549a5fb128e7a4b763510"
dependencies = [
 "bytes",
 "half",
 "num",
]

[[package]]
name = "arrow-buffer"
version = "47.0.0"
source = "registry+https://github.com/rust-lang/crates.io-index"
checksum = "fda119225204141138cb0541c692fbfef0e875ba01bfdeaed09e9d354f9d6195"
dependencies = [
 "bytes",
 "half",
 "num",
]

[[package]]
name = "arrow-buffer"
version = "48.0.1"
source = "registry+https://github.com/rust-lang/crates.io-index"
checksum = "55512d988c6fbd76e514fd3ff537ac50b0a675da5a245e4fdad77ecfd654205f"
dependencies = [
 "bytes",
 "half",
 "num",
]

[[package]]
name = "arrow-buffer"
version = "49.0.0"
source = "registry+https://github.com/rust-lang/crates.io-index"
checksum = "01a0fc21915b00fc6c2667b069c1b64bdd920982f426079bc4a7cab86822886c"
dependencies = [
 "bytes",
 "half",
 "num",
]

[[package]]
name = "arrow-buffer"
version = "50.0.0"
source = "registry+https://github.com/rust-lang/crates.io-index"
checksum = "69615b061701bcdffbc62756bc7e85c827d5290b472b580c972ebbbf690f5aa4"
dependencies = [
 "bytes",
 "half",
 "num",
]

[[package]]
name = "arrow-buffer"
version = "51.0.0"
source = "registry+https://github.com/rust-lang/crates.io-index"
checksum = "0d0a2432f0cba5692bf4cb757469c66791394bac9ec7ce63c1afe74744c37b27"
dependencies = [
 "bytes",
 "half",
 "num",
]

[[package]]
name = "arrow-buffer"
version = "52.2.0"
source = "registry+https://github.com/rust-lang/crates.io-index"
checksum = "c975484888fc95ec4a632cdc98be39c085b1bb518531b0c80c5d462063e5daa1"
dependencies = [
 "bytes",
 "half",
 "num",
]

[[package]]
name = "arrow-buffer"
version = "53.3.0"
source = "registry+https://github.com/rust-lang/crates.io-index"
checksum = "9e4a9b9b1d6d7117f6138e13bc4dd5daa7f94e671b70e8c9c4dc37b4f5ecfc16"
dependencies = [
 "bytes",
 "half",
 "num",
]

[[package]]
name = "arrow-buffer"
version = "54.0.0"
source = "registry+https://github.com/rust-lang/crates.io-index"
checksum = "fe4a40bdc1552ea10fbdeae4e5a945d8572c32f66bce457b96c13d9c46b80447"
dependencies = [
 "bytes",
 "half",
 "num",
]

[[package]]
name = "arrow-buffer"
version = "55.0.0"
source = "registry+https://github.com/rust-lang/crates.io-index"
checksum = "0303c7ec4cf1a2c60310fc4d6bbc3350cd051a17bf9e9c0a8e47b4db79277824"
dependencies = [
 "bytes",
 "half",
 "num",
]

[[package]]
name = "arrow-data"
version = "37.0.0"
source = "registry+https://github.com/rust-lang/crates.io-index"
checksum = "b1c8361947aaa96d331da9df3f7a08bdd8ab805a449994c97f5c4d24c4b7e2cf"
dependencies = [
 "arrow-buffer 37.0.0",
 "arrow-schema 37.0.0",
 "half",
 "num",
]

[[package]]
name = "arrow-data"
version = "38.0.0"
source = "registry+https://github.com/rust-lang/crates.io-index"
checksum = "eb68113d6ecdbe8bba48b2c4042c151bf9e1c61244e45072a50250a6fc59bafe"
dependencies = [
 "arrow-buffer 38.0.0",
 "arrow-schema 38.0.0",
 "half",
 "num",
]

[[package]]
name = "arrow-data"
version = "39.0.0"
source = "registry+https://github.com/rust-lang/crates.io-index"
checksum = "c6f710d98964d2c069b8baf566130045e79e11baa105623f038a6c942f805681"
dependencies = [
 "arrow-buffer 39.0.0",
 "arrow-schema 39.0.0",
 "half",
 "num",
]

[[package]]
name = "arrow-data"
version = "40.0.0"
source = "registry+https://github.com/rust-lang/crates.io-index"
checksum = "61bc8df9912cca6642665fdf989d6fa0de2570f18a7f709bcf59d29de96d2097"
dependencies = [
 "arrow-buffer 40.0.0",
 "arrow-schema 40.0.0",
 "half",
 "num",
]

[[package]]
name = "arrow-data"
version = "41.0.0"
source = "registry+https://github.com/rust-lang/crates.io-index"
checksum = "4d48dcbed83d741d4af712af17f6d952972b8f6491b24ee2415243a7e37c6438"
dependencies = [
 "arrow-buffer 41.0.0",
 "arrow-schema 41.0.0",
 "half",
 "num",
]

[[package]]
name = "arrow-data"
version = "42.0.0"
source = "registry+https://github.com/rust-lang/crates.io-index"
checksum = "1d9a83dad6a53d6907765106d3bc61d6d9d313cfe1751701b3ef0948e7283dc2"
dependencies = [
 "arrow-buffer 42.0.0",
 "arrow-schema 42.0.0",
 "half",
 "num",
]

[[package]]
name = "arrow-data"
version = "43.0.0"
source = "registry+https://github.com/rust-lang/crates.io-index"
checksum = "d4f4f4a3c54614126a71ab91f6631c9743eb4643d6e9318b74191da9dc6e028b"
dependencies = [
 "arrow-buffer 43.0.0",
 "arrow-schema 43.0.0",
 "half",
 "num",
]

[[package]]
name = "arrow-data"
version = "44.0.0"
source = "registry+https://github.com/rust-lang/crates.io-index"
checksum = "425a65a08947ed20b54e66749e9a56ed5a1cb1366c001329470dff365dd8411a"
dependencies = [
 "arrow-buffer 44.0.0",
 "arrow-schema 44.0.0",
 "half",
 "num",
]

[[package]]
name = "arrow-data"
version = "45.0.0"
source = "registry+https://github.com/rust-lang/crates.io-index"
checksum = "c6b6852635e7c43e5b242841c7470606ff0ee70eef323004cacc3ecedd33dd8f"
dependencies = [
 "arrow-buffer 45.0.0",
 "arrow-schema 45.0.0",
 "half",
 "num",
]

[[package]]
name = "arrow-data"
version = "46.0.0"
source = "registry+https://github.com/rust-lang/crates.io-index"
checksum = "da900f31ff01a0a84da0572209be72b2b6f980f3ea58803635de47913191c188"
dependencies = [
 "arrow-buffer 46.0.0",
 "arrow-schema 46.0.0",
 "half",
 "num",
]

[[package]]
name = "arrow-data"
version = "47.0.0"
source = "registry+https://github.com/rust-lang/crates.io-index"
checksum = "475a4c3699c8b4095ca61cecf15da6f67841847a5f5aac983ccb9a377d02f73a"
dependencies = [
 "arrow-buffer 47.0.0",
 "arrow-schema 47.0.0",
 "half",
 "num",
]

[[package]]
name = "arrow-data"
version = "48.0.1"
source = "registry+https://github.com/rust-lang/crates.io-index"
checksum = "6dc2b9fec74763427e2e5575b8cc31ce96ba4c9b4eb05ce40e0616d9fad12461"
dependencies = [
 "arrow-buffer 48.0.1",
 "arrow-schema 48.0.1",
 "half",
 "num",
]

[[package]]
name = "arrow-data"
version = "49.0.0"
source = "registry+https://github.com/rust-lang/crates.io-index"
checksum = "907fafe280a3874474678c1858b9ca4cb7fd83fb8034ff5b6d6376205a08c634"
dependencies = [
 "arrow-buffer 49.0.0",
 "arrow-schema 49.0.0",
 "half",
 "num",
]

[[package]]
name = "arrow-data"
version = "50.0.0"
source = "registry+https://github.com/rust-lang/crates.io-index"
checksum = "67d644b91a162f3ad3135ce1184d0a31c28b816a581e08f29e8e9277a574c64e"
dependencies = [
 "arrow-buffer 50.0.0",
 "arrow-schema 50.0.0",
 "half",
 "num",
]

[[package]]
name = "arrow-data"
version = "51.0.0"
source = "registry+https://github.com/rust-lang/crates.io-index"
checksum = "2742ac1f6650696ab08c88f6dd3f0eb68ce10f8c253958a18c943a68cd04aec5"
dependencies = [
 "arrow-buffer 51.0.0",
 "arrow-schema 51.0.0",
 "half",
 "num",
]

[[package]]
name = "arrow-data"
version = "52.2.0"
source = "registry+https://github.com/rust-lang/crates.io-index"
checksum = "dd9d6f18c65ef7a2573ab498c374d8ae364b4a4edf67105357491c031f716ca5"
dependencies = [
 "arrow-buffer 52.2.0",
 "arrow-schema 52.2.0",
 "half",
 "num",
]

[[package]]
name = "arrow-data"
version = "53.3.0"
source = "registry+https://github.com/rust-lang/crates.io-index"
checksum = "e4e75edf21ffd53744a9b8e3ed11101f610e7ceb1a29860432824f1834a1f623"
dependencies = [
 "arrow-buffer 53.3.0",
 "arrow-schema 53.3.0",
 "half",
 "num",
]

[[package]]
name = "arrow-data"
version = "54.0.0"
source = "registry+https://github.com/rust-lang/crates.io-index"
checksum = "09af476cfbe9879937e50b1334c73189de6039186e025b1b1ac84b283b87b20e"
dependencies = [
 "arrow-buffer 54.0.0",
 "arrow-schema 54.0.0",
 "half",
 "num",
]

[[package]]
name = "arrow-data"
version = "55.0.0"
source = "registry+https://github.com/rust-lang/crates.io-index"
checksum = "e8affacf3351a24039ea24adab06f316ded523b6f8c3dbe28fbac5f18743451b"
dependencies = [
 "arrow-buffer 55.0.0",
 "arrow-schema 55.0.0",
 "half",
 "num",
]

[[package]]
name = "arrow-schema"
version = "37.0.0"
source = "registry+https://github.com/rust-lang/crates.io-index"
checksum = "a16b88a93ac8350f0200b1cd336a1f887315925b8dd7aa145a37b8bdbd8497a4"
dependencies = [
 "serde",
]

[[package]]
name = "arrow-schema"
version = "38.0.0"
source = "registry+https://github.com/rust-lang/crates.io-index"
checksum = "bc85923d8d6662cc66ac6602c7d1876872e671002d60993dfdf492a6badeae92"
dependencies = [
 "serde",
]

[[package]]
name = "arrow-schema"
version = "39.0.0"
source = "registry+https://github.com/rust-lang/crates.io-index"
checksum = "18c41d058b2895a12f46dfafc306ee3529ad9660406be0ab8a7967d5e27c417e"
dependencies = [
 "serde",
]

[[package]]
name = "arrow-schema"
version = "40.0.0"
source = "registry+https://github.com/rust-lang/crates.io-index"
checksum = "25187bbef474151a2e4ddec67b9e34bda5cbfba292dc571392fa3a1f71ff5a82"
dependencies = [
 "serde",
]

[[package]]
name = "arrow-schema"
version = "41.0.0"
source = "registry+https://github.com/rust-lang/crates.io-index"
checksum = "2b71d8d68d0bc2e648e4e395896dc518be8b90c5f0f763c59083187c3d46184b"
dependencies = [
 "serde",
]

[[package]]
name = "arrow-schema"
version = "42.0.0"
source = "registry+https://github.com/rust-lang/crates.io-index"
checksum = "ba9ed245bd2d7d97ad1457cb281d4296e8b593588758b8fec6d67b2b2b0f2265"
dependencies = [
 "serde",
]

[[package]]
name = "arrow-schema"
version = "43.0.0"
source = "registry+https://github.com/rust-lang/crates.io-index"
checksum = "2bebcb57eef570b15afbcf2d07d813eb476fde9f6dd69c81004d6476c197e87e"
dependencies = [
 "serde",
]

[[package]]
name = "arrow-schema"
version = "44.0.0"
source = "registry+https://github.com/rust-lang/crates.io-index"
checksum = "dceed0efbaf304aaa296169c9eedde4e0ec90e0dc2010a88ea79ea6d86046ae9"
dependencies = [
 "serde",
]

[[package]]
name = "arrow-schema"
version = "45.0.0"
source = "registry+https://github.com/rust-lang/crates.io-index"
checksum = "54df8c47918eb634c20e29286e69494fdc20cafa5173eb6dad49c7f6acece733"
dependencies = [
 "serde",
]

[[package]]
name = "arrow-schema"
version = "46.0.0"
source = "registry+https://github.com/rust-lang/crates.io-index"
checksum = "b104f5daa730f00fde22adc03a12aa5a2ae9ccbbf99cbd53d284119ddc90e03d"
dependencies = [
 "serde",
]

[[package]]
name = "arrow-schema"
version = "47.0.0"
source = "registry+https://github.com/rust-lang/crates.io-index"
checksum = "5d1d179c117b158853e0101bfbed5615e86fe97ee356b4af901f1c5001e1ce4b"
dependencies = [
 "serde",
]

[[package]]
name = "arrow-schema"
version = "48.0.1"
source = "registry+https://github.com/rust-lang/crates.io-index"
checksum = "aaf4d737bba93da59f16129bec21e087aed0be84ff840e74146d4703879436cb"
dependencies = [
 "serde",
]

[[package]]
name = "arrow-schema"
version = "49.0.0"
source = "registry+https://github.com/rust-lang/crates.io-index"
checksum = "09e28a5e781bf1b0f981333684ad13f5901f4cd2f20589eab7cf1797da8fc167"
dependencies = [
 "serde",
]

[[package]]
name = "arrow-schema"
version = "50.0.0"
source = "registry+https://github.com/rust-lang/crates.io-index"
checksum = "0ff3e9c01f7cd169379d269f926892d0e622a704960350d09d331be3ec9e0029"
dependencies = [
 "serde",
]

[[package]]
name = "arrow-schema"
version = "51.0.0"
source = "registry+https://github.com/rust-lang/crates.io-index"
checksum = "02d9483aaabe910c4781153ae1b6ae0393f72d9ef757d38d09d450070cf2e528"
dependencies = [
 "serde",
]

[[package]]
name = "arrow-schema"
version = "52.2.0"
source = "registry+https://github.com/rust-lang/crates.io-index"
checksum = "9e972cd1ff4a4ccd22f86d3e53e835c2ed92e0eea6a3e8eadb72b4f1ac802cf8"
dependencies = [
 "serde",
]

[[package]]
name = "arrow-schema"
version = "53.3.0"
source = "registry+https://github.com/rust-lang/crates.io-index"
checksum = "b95513080e728e4cec37f1ff5af4f12c9688d47795d17cda80b6ec2cf74d4678"
dependencies = [
 "serde",
]

[[package]]
name = "arrow-schema"
version = "54.0.0"
source = "registry+https://github.com/rust-lang/crates.io-index"
checksum = "3a1822a1a952955637e85e8f9d6b0e04dd75d65492b87ec548dd593d3a1f772b"
dependencies = [
 "serde",
]

[[package]]
name = "arrow-schema"
version = "55.0.0"
source = "registry+https://github.com/rust-lang/crates.io-index"
checksum = "7450c76ab7c5a6805be3440dc2e2096010da58f7cab301fdc996a4ee3ee74e49"
dependencies = [
 "serde",
]

[[package]]
name = "arrow2"
version = "0.16.0"
source = "registry+https://github.com/rust-lang/crates.io-index"
checksum = "7a4c5b03335bc1cb0fd9f5297f8fd3bbfd6fb04f3cb0bc7d6c91b7128cb8336a"
dependencies = [
 "ahash",
 "bytemuck",
 "chrono",
 "dyn-clone",
 "either",
 "ethnum",
 "foreign_vec",
 "getrandom",
 "hash_hasher",
 "num-traits",
 "rustc_version",
 "simdutf8",
]

[[package]]
name = "arrow2"
version = "0.17.4"
source = "registry+https://github.com/rust-lang/crates.io-index"
checksum = "59c468daea140b747d781a1da9f7db5f0a8e6636d4af20cc539e43d05b0604fa"
dependencies = [
 "ahash",
 "bytemuck",
 "chrono",
 "dyn-clone",
 "either",
 "ethnum",
 "foreign_vec",
 "getrandom",
 "hash_hasher",
 "num-traits",
 "rustc_version",
 "simdutf8",
]

[[package]]
name = "autocfg"
version = "1.4.0"
source = "registry+https://github.com/rust-lang/crates.io-index"
checksum = "ace50bade8e6234aa140d9a2f552bbee1db4d353f69b8217bc503490fc1a9f26"

[[package]]
name = "bumpalo"
version = "3.16.0"
source = "registry+https://github.com/rust-lang/crates.io-index"
checksum = "79296716171880943b8470b5f8d03aa55eb2e645a4874bdbb28adb49162e012c"

[[package]]
name = "bytemuck"
version = "1.18.0"
source = "registry+https://github.com/rust-lang/crates.io-index"
checksum = "94bbb0ad554ad961ddc5da507a12a29b14e4ae5bda06b19f575a3e6079d2e2ae"
dependencies = [
 "bytemuck_derive",
]

[[package]]
name = "bytemuck_derive"
version = "1.7.1"
source = "registry+https://github.com/rust-lang/crates.io-index"
checksum = "0cc8b54b395f2fcfbb3d90c47b01c7f444d94d05bdeb775811dec868ac3bbc26"
dependencies = [
 "proc-macro2",
 "quote",
 "syn",
]

[[package]]
name = "bytes"
version = "1.7.2"
source = "registry+https://github.com/rust-lang/crates.io-index"
checksum = "428d9aa8fbc0670b7b8d6030a7fadd0f86151cae55e4dbbece15f3780a3dfaf3"

[[package]]
name = "cc"
version = "1.1.25"
source = "registry+https://github.com/rust-lang/crates.io-index"
checksum = "e8d9e0b4957f635b8d3da819d0db5603620467ecf1f692d22a8c2717ce27e6d8"
dependencies = [
 "shlex",
]

[[package]]
name = "cfg-if"
version = "1.0.0"
source = "registry+https://github.com/rust-lang/crates.io-index"
checksum = "baf1de4339761588bc0619e3cbc0120ee582ebb74b53b4efbf79117bd2da40fd"

[[package]]
name = "chrono"
version = "0.4.40"
source = "registry+https://github.com/rust-lang/crates.io-index"
checksum = "1a7964611d71df112cb1730f2ee67324fcf4d0fc6606acbbe9bfe06df124637c"
dependencies = [
 "android-tzdata",
 "iana-time-zone",
 "num-traits",
 "windows-link",
]

[[package]]
name = "const-random"
version = "0.1.18"
source = "registry+https://github.com/rust-lang/crates.io-index"
checksum = "87e00182fe74b066627d63b85fd550ac2998d4b0bd86bfed477a0ae4c7c71359"
dependencies = [
 "const-random-macro",
]

[[package]]
name = "const-random-macro"
version = "0.1.16"
source = "registry+https://github.com/rust-lang/crates.io-index"
checksum = "f9d839f2a20b0aee515dc581a6172f2321f96cab76c1a38a4c584a194955390e"
dependencies = [
 "getrandom",
 "once_cell",
 "tiny-keccak",
]

[[package]]
name = "core-foundation-sys"
version = "0.8.7"
source = "registry+https://github.com/rust-lang/crates.io-index"
checksum = "773648b94d0e5d620f64f280777445740e61fe701025087ec8b57f45c791888b"

[[package]]
name = "crunchy"
version = "0.2.2"
source = "registry+https://github.com/rust-lang/crates.io-index"
checksum = "7a81dae078cea95a014a339291cec439d2f232ebe854a9d672b796c6afafa9b7"

[[package]]
name = "dyn-clone"
version = "1.0.17"
source = "registry+https://github.com/rust-lang/crates.io-index"
checksum = "0d6ef0072f8a535281e4876be788938b528e9a1d43900b82c2569af7da799125"

[[package]]
name = "either"
version = "1.13.0"
source = "registry+https://github.com/rust-lang/crates.io-index"
checksum = "60b1af1c220855b6ceac025d3f6ecdd2b7c4894bfe9cd9bda4fbb4bc7c0d4cf0"

[[package]]
name = "ethnum"
version = "1.5.0"
source = "registry+https://github.com/rust-lang/crates.io-index"
checksum = "b90ca2580b73ab6a1f724b76ca11ab632df820fd6040c336200d2c1df7b3c82c"

[[package]]
name = "foreign_vec"
version = "0.1.0"
source = "registry+https://github.com/rust-lang/crates.io-index"
checksum = "ee1b05cbd864bcaecbd3455d6d967862d446e4ebfc3c2e5e5b9841e53cba6673"

[[package]]
name = "getrandom"
version = "0.2.15"
source = "registry+https://github.com/rust-lang/crates.io-index"
checksum = "c4567c8db10ae91089c99af84c68c38da3ec2f087c3f82960bcdbf3656b6f4d7"
dependencies = [
 "cfg-if",
 "js-sys",
 "libc",
 "wasi",
 "wasm-bindgen",
]

[[package]]
name = "half"
version = "2.4.1"
source = "registry+https://github.com/rust-lang/crates.io-index"
checksum = "6dd08c532ae367adf81c312a4580bc67f1d0fe8bc9c460520283f4c0ff277888"
dependencies = [
 "bytemuck",
 "cfg-if",
 "crunchy",
 "num-traits",
]

[[package]]
name = "hash_hasher"
version = "2.0.3"
source = "registry+https://github.com/rust-lang/crates.io-index"
checksum = "74721d007512d0cb3338cd20f0654ac913920061a4c4d0d8708edb3f2a698c0c"

[[package]]
name = "hashbrown"
version = "0.13.2"
source = "registry+https://github.com/rust-lang/crates.io-index"
checksum = "43a3c133739dddd0d2990f9a4bdf8eb4b21ef50e4851ca85ab661199821d510e"

[[package]]
name = "hashbrown"
version = "0.14.5"
source = "registry+https://github.com/rust-lang/crates.io-index"
checksum = "e5274423e17b7c9fc20b6e7e208532f9b19825d82dfd615708b70edd83df41f1"

[[package]]
name = "hashbrown"
version = "0.15.2"
source = "registry+https://github.com/rust-lang/crates.io-index"
checksum = "bf151400ff0baff5465007dd2f3e717f3fe502074ca563069ce3a6629d07b289"

[[package]]
name = "iana-time-zone"
version = "0.1.61"
source = "registry+https://github.com/rust-lang/crates.io-index"
checksum = "235e081f3925a06703c2d0117ea8b91f042756fd6e7a6e5d901e8ca1a996b220"
dependencies = [
 "android_system_properties",
 "core-foundation-sys",
 "iana-time-zone-haiku",
 "js-sys",
 "wasm-bindgen",
 "windows-core",
]

[[package]]
name = "iana-time-zone-haiku"
version = "0.1.2"
source = "registry+https://github.com/rust-lang/crates.io-index"
checksum = "f31827a206f56af32e590ba56d5d2d085f558508192593743f16b2306495269f"
dependencies = [
 "cc",
]

[[package]]
name = "itoa"
version = "1.0.11"
source = "registry+https://github.com/rust-lang/crates.io-index"
checksum = "49f1f14873335454500d59611f1cf4a4b0f786f9ac11f4312a78e4cf2566695b"

[[package]]
name = "js-sys"
version = "0.3.70"
source = "registry+https://github.com/rust-lang/crates.io-index"
checksum = "1868808506b929d7b0cfa8f75951347aa71bb21144b7791bae35d9bccfcfe37a"
dependencies = [
 "wasm-bindgen",
]

[[package]]
name = "libc"
version = "0.2.159"
source = "registry+https://github.com/rust-lang/crates.io-index"
checksum = "561d97a539a36e26a9a5fad1ea11a3039a67714694aaa379433e580854bc3dc5"

[[package]]
name = "libm"
version = "0.2.8"
source = "registry+https://github.com/rust-lang/crates.io-index"
checksum = "4ec2a862134d2a7d32d7983ddcdd1c4923530833c9f2ea1a44fc5fa473989058"

[[package]]
name = "log"
version = "0.4.22"
source = "registry+https://github.com/rust-lang/crates.io-index"
checksum = "a7a70ba024b9dc04c27ea2f0c0548feb474ec5c54bba33a7f72f873a39d07b24"

[[package]]
name = "marrow"
version = "0.2.3"
dependencies = [
 "arrow-array 37.0.0",
 "arrow-array 38.0.0",
 "arrow-array 39.0.0",
 "arrow-array 40.0.0",
 "arrow-array 41.0.0",
 "arrow-array 42.0.0",
 "arrow-array 43.0.0",
 "arrow-array 44.0.0",
 "arrow-array 45.0.0",
 "arrow-array 46.0.0",
 "arrow-array 47.0.0",
 "arrow-array 48.0.1",
 "arrow-array 49.0.0",
 "arrow-array 50.0.0",
 "arrow-array 51.0.0",
 "arrow-array 52.2.0",
 "arrow-array 53.3.0",
 "arrow-array 54.0.0",
 "arrow-array 55.0.0",
 "arrow-buffer 37.0.0",
 "arrow-buffer 38.0.0",
 "arrow-buffer 39.0.0",
 "arrow-buffer 40.0.0",
 "arrow-buffer 41.0.0",
 "arrow-buffer 42.0.0",
 "arrow-buffer 43.0.0",
 "arrow-buffer 44.0.0",
 "arrow-buffer 45.0.0",
 "arrow-buffer 46.0.0",
 "arrow-buffer 47.0.0",
 "arrow-buffer 48.0.1",
 "arrow-buffer 49.0.0",
 "arrow-buffer 50.0.0",
 "arrow-buffer 51.0.0",
 "arrow-buffer 52.2.0",
 "arrow-buffer 53.3.0",
 "arrow-buffer 54.0.0",
 "arrow-buffer 55.0.0",
 "arrow-data 37.0.0",
 "arrow-data 38.0.0",
 "arrow-data 39.0.0",
 "arrow-data 40.0.0",
 "arrow-data 41.0.0",
 "arrow-data 42.0.0",
 "arrow-data 43.0.0",
 "arrow-data 44.0.0",
 "arrow-data 45.0.0",
 "arrow-data 46.0.0",
 "arrow-data 47.0.0",
 "arrow-data 48.0.1",
 "arrow-data 49.0.0",
 "arrow-data 50.0.0",
 "arrow-data 51.0.0",
 "arrow-data 52.2.0",
 "arrow-data 53.3.0",
 "arrow-data 54.0.0",
 "arrow-data 55.0.0",
 "arrow-schema 37.0.0",
 "arrow-schema 38.0.0",
 "arrow-schema 39.0.0",
 "arrow-schema 40.0.0",
 "arrow-schema 41.0.0",
 "arrow-schema 42.0.0",
 "arrow-schema 43.0.0",
 "arrow-schema 44.0.0",
 "arrow-schema 45.0.0",
 "arrow-schema 46.0.0",
 "arrow-schema 47.0.0",
 "arrow-schema 48.0.1",
 "arrow-schema 49.0.0",
 "arrow-schema 50.0.0",
 "arrow-schema 51.0.0",
 "arrow-schema 52.2.0",
 "arrow-schema 53.3.0",
 "arrow-schema 54.0.0",
 "arrow-schema 55.0.0",
 "arrow2 0.16.0",
 "arrow2 0.17.4",
 "bytemuck",
 "half",
 "serde",
]

[[package]]
name = "memchr"
version = "2.7.4"
source = "registry+https://github.com/rust-lang/crates.io-index"
checksum = "78ca9ab1a0babb1e7d5695e3530886289c18cf2f87ec19a575a0abdce112e3a3"

[[package]]
name = "num"
version = "0.4.3"
source = "registry+https://github.com/rust-lang/crates.io-index"
checksum = "35bd024e8b2ff75562e5f34e7f4905839deb4b22955ef5e73d2fea1b9813cb23"
dependencies = [
 "num-bigint",
 "num-complex",
 "num-integer",
 "num-iter",
 "num-rational",
 "num-traits",
]

[[package]]
name = "num-bigint"
version = "0.4.6"
source = "registry+https://github.com/rust-lang/crates.io-index"
checksum = "a5e44f723f1133c9deac646763579fdb3ac745e418f2a7af9cd0c431da1f20b9"
dependencies = [
 "num-integer",
 "num-traits",
]

[[package]]
name = "num-complex"
version = "0.4.6"
source = "registry+https://github.com/rust-lang/crates.io-index"
checksum = "73f88a1307638156682bada9d7604135552957b7818057dcef22705b4d509495"
dependencies = [
 "num-traits",
]

[[package]]
name = "num-integer"
version = "0.1.46"
source = "registry+https://github.com/rust-lang/crates.io-index"
checksum = "7969661fd2958a5cb096e56c8e1ad0444ac2bbcd0061bd28660485a44879858f"
dependencies = [
 "num-traits",
]

[[package]]
name = "num-iter"
version = "0.1.45"
source = "registry+https://github.com/rust-lang/crates.io-index"
checksum = "1429034a0490724d0075ebb2bc9e875d6503c3cf69e235a8941aa757d83ef5bf"
dependencies = [
 "autocfg",
 "num-integer",
 "num-traits",
]

[[package]]
name = "num-rational"
version = "0.4.2"
source = "registry+https://github.com/rust-lang/crates.io-index"
checksum = "f83d14da390562dca69fc84082e73e548e1ad308d24accdedd2720017cb37824"
dependencies = [
 "num-bigint",
 "num-integer",
 "num-traits",
]

[[package]]
name = "num-traits"
version = "0.2.19"
source = "registry+https://github.com/rust-lang/crates.io-index"
checksum = "071dfc062690e90b734c0b2273ce72ad0ffa95f0c74596bc250dcfd960262841"
dependencies = [
 "autocfg",
 "libm",
]

[[package]]
name = "once_cell"
version = "1.20.1"
source = "registry+https://github.com/rust-lang/crates.io-index"
checksum = "82881c4be219ab5faaf2ad5e5e5ecdff8c66bd7402ca3160975c93b24961afd1"
dependencies = [
 "portable-atomic",
]

[[package]]
name = "portable-atomic"
version = "1.9.0"
source = "registry+https://github.com/rust-lang/crates.io-index"
checksum = "cc9c68a3f6da06753e9335d63e27f6b9754dd1920d941135b7ea8224f141adb2"

[[package]]
name = "proc-macro2"
version = "1.0.86"
source = "registry+https://github.com/rust-lang/crates.io-index"
checksum = "5e719e8df665df0d1c8fbfd238015744736151d4445ec0836b8e628aae103b77"
dependencies = [
 "unicode-ident",
]

[[package]]
name = "quote"
version = "1.0.37"
source = "registry+https://github.com/rust-lang/crates.io-index"
checksum = "b5b9d34b8991d19d98081b46eacdd8eb58c6f2b201139f7c5f643cc155a633af"
dependencies = [
 "proc-macro2",
]

[[package]]
name = "rustc_version"
version = "0.4.1"
source = "registry+https://github.com/rust-lang/crates.io-index"
checksum = "cfcb3a22ef46e85b45de6ee7e79d063319ebb6594faafcf1c225ea92ab6e9b92"
dependencies = [
 "semver",
]

[[package]]
name = "ryu"
version = "1.0.18"
source = "registry+https://github.com/rust-lang/crates.io-index"
checksum = "f3cb5ba0dc43242ce17de99c180e96db90b235b8a9fdc9543c96d2209116bd9f"

[[package]]
name = "semver"
version = "1.0.23"
source = "registry+https://github.com/rust-lang/crates.io-index"
checksum = "61697e0a1c7e512e84a621326239844a24d8207b4669b41bc18b32ea5cbf988b"

[[package]]
name = "serde"
version = "1.0.210"
source = "registry+https://github.com/rust-lang/crates.io-index"
checksum = "c8e3592472072e6e22e0a54d5904d9febf8508f65fb8552499a1abc7d1078c3a"
dependencies = [
 "serde_derive",
]

[[package]]
name = "serde_derive"
version = "1.0.210"
source = "registry+https://github.com/rust-lang/crates.io-index"
checksum = "243902eda00fad750862fc144cea25caca5e20d615af0a81bee94ca738f1df1f"
dependencies = [
 "proc-macro2",
 "quote",
 "syn",
]

[[package]]
name = "serde_json"
version = "1.0.128"
source = "registry+https://github.com/rust-lang/crates.io-index"
checksum = "6ff5456707a1de34e7e37f2a6fd3d3f808c318259cbd01ab6377795054b483d8"
dependencies = [
 "itoa",
 "memchr",
 "ryu",
 "serde",
]

[[package]]
name = "shlex"
version = "1.3.0"
source = "registry+https://github.com/rust-lang/crates.io-index"
checksum = "0fda2ff0d084019ba4d7c6f371c95d8fd75ce3524c3cb8fb653a3023f6323e64"

[[package]]
name = "simdutf8"
version = "0.1.5"
source = "registry+https://github.com/rust-lang/crates.io-index"
checksum = "e3a9fe34e3e7a50316060351f37187a3f546bce95496156754b601a5fa71b76e"

[[package]]
name = "syn"
version = "2.0.79"
source = "registry+https://github.com/rust-lang/crates.io-index"
checksum = "89132cd0bf050864e1d38dc3bbc07a0eb8e7530af26344d3d2bbbef83499f590"
dependencies = [
 "proc-macro2",
 "quote",
 "unicode-ident",
]

[[package]]
name = "test_with_arrow"
version = "0.1.0"
dependencies = [
 "arrow-array 37.0.0",
 "arrow-array 38.0.0",
 "arrow-array 39.0.0",
 "arrow-array 40.0.0",
 "arrow-array 41.0.0",
 "arrow-array 42.0.0",
 "arrow-array 43.0.0",
 "arrow-array 44.0.0",
 "arrow-array 45.0.0",
 "arrow-array 46.0.0",
 "arrow-array 47.0.0",
 "arrow-array 48.0.1",
 "arrow-array 49.0.0",
 "arrow-array 50.0.0",
 "arrow-array 51.0.0",
 "arrow-array 52.2.0",
 "arrow-array 53.3.0",
 "arrow-array 54.0.0",
 "arrow-array 55.0.0",
 "arrow-schema 37.0.0",
 "arrow-schema 38.0.0",
 "arrow-schema 39.0.0",
 "arrow-schema 40.0.0",
 "arrow-schema 41.0.0",
 "arrow-schema 42.0.0",
 "arrow-schema 43.0.0",
 "arrow-schema 44.0.0",
 "arrow-schema 45.0.0",
 "arrow-schema 46.0.0",
 "arrow-schema 47.0.0",
 "arrow-schema 48.0.1",
 "arrow-schema 49.0.0",
 "arrow-schema 50.0.0",
 "arrow-schema 51.0.0",
 "arrow-schema 52.2.0",
 "arrow-schema 53.3.0",
 "arrow-schema 54.0.0",
 "arrow-schema 55.0.0",
 "chrono",
 "half",
 "marrow",
 "serde_json",
]

[[package]]
name = "tiny-keccak"
version = "2.0.2"
source = "registry+https://github.com/rust-lang/crates.io-index"
checksum = "2c9d3793400a45f954c52e73d068316d76b6f4e36977e3fcebb13a2721e80237"
dependencies = [
 "crunchy",
]

[[package]]
name = "unicode-ident"
version = "1.0.13"
source = "registry+https://github.com/rust-lang/crates.io-index"
checksum = "e91b56cd4cadaeb79bbf1a5645f6b4f8dc5bde8834ad5894a8db35fda9efa1fe"

[[package]]
name = "version_check"
version = "0.9.5"
source = "registry+https://github.com/rust-lang/crates.io-index"
checksum = "0b928f33d975fc6ad9f86c8f283853ad26bdd5b10b7f1542aa2fa15e2289105a"

[[package]]
name = "wasi"
version = "0.11.0+wasi-snapshot-preview1"
source = "registry+https://github.com/rust-lang/crates.io-index"
checksum = "9c8d87e72b64a3b4db28d11ce29237c246188f4f51057d65a7eab63b7987e423"

[[package]]
name = "wasm-bindgen"
version = "0.2.93"
source = "registry+https://github.com/rust-lang/crates.io-index"
checksum = "a82edfc16a6c469f5f44dc7b571814045d60404b55a0ee849f9bcfa2e63dd9b5"
dependencies = [
 "cfg-if",
 "once_cell",
 "wasm-bindgen-macro",
]

[[package]]
name = "wasm-bindgen-backend"
version = "0.2.93"
source = "registry+https://github.com/rust-lang/crates.io-index"
checksum = "9de396da306523044d3302746f1208fa71d7532227f15e347e2d93e4145dd77b"
dependencies = [
 "bumpalo",
 "log",
 "once_cell",
 "proc-macro2",
 "quote",
 "syn",
 "wasm-bindgen-shared",
]

[[package]]
name = "wasm-bindgen-macro"
version = "0.2.93"
source = "registry+https://github.com/rust-lang/crates.io-index"
checksum = "585c4c91a46b072c92e908d99cb1dcdf95c5218eeb6f3bf1efa991ee7a68cccf"
dependencies = [
 "quote",
 "wasm-bindgen-macro-support",
]

[[package]]
name = "wasm-bindgen-macro-support"
version = "0.2.93"
source = "registry+https://github.com/rust-lang/crates.io-index"
checksum = "afc340c74d9005395cf9dd098506f7f44e38f2b4a21c6aaacf9a105ea5e1e836"
dependencies = [
 "proc-macro2",
 "quote",
 "syn",
 "wasm-bindgen-backend",
 "wasm-bindgen-shared",
]

[[package]]
name = "wasm-bindgen-shared"
version = "0.2.93"
source = "registry+https://github.com/rust-lang/crates.io-index"
checksum = "c62a0a307cb4a311d3a07867860911ca130c3494e8c2719593806c08bc5d0484"

[[package]]
name = "windows-core"
version = "0.52.0"
source = "registry+https://github.com/rust-lang/crates.io-index"
checksum = "33ab640c8d7e35bf8ba19b884ba838ceb4fba93a4e8c65a9059d08afcfc683d9"
dependencies = [
 "windows-targets",
]

[[package]]
name = "windows-link"
version = "0.1.1"
source = "registry+https://github.com/rust-lang/crates.io-index"
checksum = "76840935b766e1b0a05c0066835fb9ec80071d4c09a16f6bd5f7e655e3c14c38"

[[package]]
name = "windows-targets"
version = "0.52.6"
source = "registry+https://github.com/rust-lang/crates.io-index"
checksum = "9b724f72796e036ab90c1021d4780d4d3d648aca59e491e6b98e725b84e99973"
dependencies = [
 "windows_aarch64_gnullvm",
 "windows_aarch64_msvc",
 "windows_i686_gnu",
 "windows_i686_gnullvm",
 "windows_i686_msvc",
 "windows_x86_64_gnu",
 "windows_x86_64_gnullvm",
 "windows_x86_64_msvc",
]

[[package]]
name = "windows_aarch64_gnullvm"
version = "0.52.6"
source = "registry+https://github.com/rust-lang/crates.io-index"
checksum = "32a4622180e7a0ec044bb555404c800bc9fd9ec262ec147edd5989ccd0c02cd3"

[[package]]
name = "windows_aarch64_msvc"
version = "0.52.6"
source = "registry+https://github.com/rust-lang/crates.io-index"
checksum = "09ec2a7bb152e2252b53fa7803150007879548bc709c039df7627cabbd05d469"

[[package]]
name = "windows_i686_gnu"
version = "0.52.6"
source = "registry+https://github.com/rust-lang/crates.io-index"
checksum = "8e9b5ad5ab802e97eb8e295ac6720e509ee4c243f69d781394014ebfe8bbfa0b"

[[package]]
name = "windows_i686_gnullvm"
version = "0.52.6"
source = "registry+https://github.com/rust-lang/crates.io-index"
checksum = "0eee52d38c090b3caa76c563b86c3a4bd71ef1a819287c19d586d7334ae8ed66"

[[package]]
name = "windows_i686_msvc"
version = "0.52.6"
source = "registry+https://github.com/rust-lang/crates.io-index"
checksum = "240948bc05c5e7c6dabba28bf89d89ffce3e303022809e73deaefe4f6ec56c66"

[[package]]
name = "windows_x86_64_gnu"
version = "0.52.6"
source = "registry+https://github.com/rust-lang/crates.io-index"
checksum = "147a5c80aabfbf0c7d901cb5895d1de30ef2907eb21fbbab29ca94c5b08b1a78"

[[package]]
name = "windows_x86_64_gnullvm"
version = "0.52.6"
source = "registry+https://github.com/rust-lang/crates.io-index"
checksum = "24d5b23dc417412679681396f2b49f3de8c1473deb516bd34410872eff51ed0d"

[[package]]
name = "windows_x86_64_msvc"
version = "0.52.6"
source = "registry+https://github.com/rust-lang/crates.io-index"
checksum = "589f6da84c646204747d1270a2a5661ea66ed1cced2631d546fdfb155959f9ec"

[[package]]
name = "zerocopy"
version = "0.7.35"
source = "registry+https://github.com/rust-lang/crates.io-index"
checksum = "1b9b4fd18abc82b8136838da5d50bae7bdea537c574d8dc1a34ed098d6c166f0"
dependencies = [
 "zerocopy-derive",
]

[[package]]
name = "zerocopy-derive"
version = "0.7.35"
source = "registry+https://github.com/rust-lang/crates.io-index"
checksum = "fa4f8080344d4671fb4e831a13ad1e68092748387dfc4f55e356242fae12ce3e"
dependencies = [
 "proc-macro2",
 "quote",
 "syn",
]
